
Microsoft Visual Studio Solution File, Format Version 12.00
# Visual Studio Version 17
VisualStudioVersion = 17.0.31903.59
MinimumVisualStudioVersion = 10.0.40219.1
Project("{2150E333-8FDC-42A3-9474-1A3956D46DE8}") = "src", "src", "{827E0CD3-B72D-47B6-A68D-7590B98EB39B}"
EndProject
Project("{FAE04EC0-301F-11D3-BF4B-00C04F79EFBC}") = "KeyTracker.App", "src\KeyTracker.App\KeyTracker.App.csproj", "{893778D1-B567-44B0-91F9-4A0A37CFAE9F}"
EndProject
Project("{FAE04EC0-301F-11D3-BF4B-00C04F79EFBC}") = "KeyTracker.Core", "src\KeyTracker.Core\KeyTracker.Core.csproj", "{2E71C5D0-8565-4731-AF81-CE29B1FB8C80}"
EndProject
Project("{FAE04EC0-301F-11D3-BF4B-00C04F79EFBC}") = "KeyTracker.Infrastructure", "src\KeyTracker.Infrastructure\KeyTracker.Infrastructure.csproj", "{4A528B71-EA01-4AE2-B70E-3C9F00773400}"
EndProject
Project("{FAE04EC0-301F-11D3-BF4B-00C04F79EFBC}") = "KeyTracker.Migrations", "src\KeyTracker.Migrations\KeyTracker.Migrations.csproj", "{4C30EDCE-0685-4AF4-9504-837C1A9B3E6C}"
EndProject
Project("{2150E333-8FDC-42A3-9474-1A3956D46DE8}") = "tests", "tests", "{0AB3BF05-4346-4AA6-1389-037BE0695223}"
EndProject
Project("{FAE04EC0-301F-11D3-BF4B-00C04F79EFBC}") = "KeyTracker.Tests", "tests\KeyTracker.Tests\KeyTracker.Tests.csproj", "{617BDE39-8C46-4ADE-8363-79B8DFA7AEC2}"
EndProject
Project("{FAE04EC0-301F-11D3-BF4B-00C04F79EFBC}") = "KeyTracker.E2E", "tests\KeyTracker.E2E\KeyTracker.E2E.csproj", "{F69BD2BA-DDEA-4F08-B9A0-E52BC3ECFA0C}"
EndProject
Global
	GlobalSection(SolutionConfigurationPlatforms) = preSolution
		Debug|Any CPU = Debug|Any CPU
		Debug|x64 = Debug|x64
		Debug|x86 = Debug|x86
		Release|Any CPU = Release|Any CPU
		Release|x64 = Release|x64
		Release|x86 = Release|x86
	EndGlobalSection
	GlobalSection(ProjectConfigurationPlatforms) = postSolution
		{893778D1-B567-44B0-91F9-4A0A37CFAE9F}.Debug|Any CPU.ActiveCfg = Debug|Any CPU
		{893778D1-B567-44B0-91F9-4A0A37CFAE9F}.Debug|Any CPU.Build.0 = Debug|Any CPU
		{893778D1-B567-44B0-91F9-4A0A37CFAE9F}.Debug|x64.ActiveCfg = Debug|Any CPU
		{893778D1-B567-44B0-91F9-4A0A37CFAE9F}.Debug|x64.Build.0 = Debug|Any CPU
		{893778D1-B567-44B0-91F9-4A0A37CFAE9F}.Debug|x86.ActiveCfg = Debug|Any CPU
		{893778D1-B567-44B0-91F9-4A0A37CFAE9F}.Debug|x86.Build.0 = Debug|Any CPU
		{893778D1-B567-44B0-91F9-4A0A37CFAE9F}.Release|Any CPU.ActiveCfg = Release|Any CPU
		{893778D1-B567-44B0-91F9-4A0A37CFAE9F}.Release|Any CPU.Build.0 = Release|Any CPU
		{893778D1-B567-44B0-91F9-4A0A37CFAE9F}.Release|x64.ActiveCfg = Release|Any CPU
		{893778D1-B567-44B0-91F9-4A0A37CFAE9F}.Release|x64.Build.0 = Release|Any CPU
		{893778D1-B567-44B0-91F9-4A0A37CFAE9F}.Release|x86.ActiveCfg = Release|Any CPU
		{893778D1-B567-44B0-91F9-4A0A37CFAE9F}.Release|x86.Build.0 = Release|Any CPU
		{2E71C5D0-8565-4731-AF81-CE29B1FB8C80}.Debug|Any CPU.ActiveCfg = Debug|Any CPU
		{2E71C5D0-8565-4731-AF81-CE29B1FB8C80}.Debug|Any CPU.Build.0 = Debug|Any CPU
		{2E71C5D0-8565-4731-AF81-CE29B1FB8C80}.Debug|x64.ActiveCfg = Debug|Any CPU
		{2E71C5D0-8565-4731-AF81-CE29B1FB8C80}.Debug|x64.Build.0 = Debug|Any CPU
		{2E71C5D0-8565-4731-AF81-CE29B1FB8C80}.Debug|x86.ActiveCfg = Debug|Any CPU
		{2E71C5D0-8565-4731-AF81-CE29B1FB8C80}.Debug|x86.Build.0 = Debug|Any CPU
		{2E71C5D0-8565-4731-AF81-CE29B1FB8C80}.Release|Any CPU.ActiveCfg = Release|Any CPU
		{2E71C5D0-8565-4731-AF81-CE29B1FB8C80}.Release|Any CPU.Build.0 = Release|Any CPU
		{2E71C5D0-8565-4731-AF81-CE29B1FB8C80}.Release|x64.ActiveCfg = Release|Any CPU
		{2E71C5D0-8565-4731-AF81-CE29B1FB8C80}.Release|x64.Build.0 = Release|Any CPU
		{2E71C5D0-8565-4731-AF81-CE29B1FB8C80}.Release|x86.ActiveCfg = Release|Any CPU
		{2E71C5D0-8565-4731-AF81-CE29B1FB8C80}.Release|x86.Build.0 = Release|Any CPU
		{4A528B71-EA01-4AE2-B70E-3C9F00773400}.Debug|Any CPU.ActiveCfg = Debug|Any CPU
		{4A528B71-EA01-4AE2-B70E-3C9F00773400}.Debug|Any CPU.Build.0 = Debug|Any CPU
		{4A528B71-EA01-4AE2-B70E-3C9F00773400}.Debug|x64.ActiveCfg = Debug|Any CPU
		{4A528B71-EA01-4AE2-B70E-3C9F00773400}.Debug|x64.Build.0 = Debug|Any CPU
		{4A528B71-EA01-4AE2-B70E-3C9F00773400}.Debug|x86.ActiveCfg = Debug|Any CPU
		{4A528B71-EA01-4AE2-B70E-3C9F00773400}.Debug|x86.Build.0 = Debug|Any CPU
		{4A528B71-EA01-4AE2-B70E-3C9F00773400}.Release|Any CPU.ActiveCfg = Release|Any CPU
		{4A528B71-EA01-4AE2-B70E-3C9F00773400}.Release|Any CPU.Build.0 = Release|Any CPU
		{4A528B71-EA01-4AE2-B70E-3C9F00773400}.Release|x64.ActiveCfg = Release|Any CPU
		{4A528B71-EA01-4AE2-B70E-3C9F00773400}.Release|x64.Build.0 = Release|Any CPU
		{4A528B71-EA01-4AE2-B70E-3C9F00773400}.Release|x86.ActiveCfg = Release|Any CPU
		{4A528B71-EA01-4AE2-B70E-3C9F00773400}.Release|x86.Build.0 = Release|Any CPU
		{4C30EDCE-0685-4AF4-9504-837C1A9B3E6C}.Debug|Any CPU.ActiveCfg = Debug|Any CPU
		{4C30EDCE-0685-4AF4-9504-837C1A9B3E6C}.Debug|Any CPU.Build.0 = Debug|Any CPU
		{4C30EDCE-0685-4AF4-9504-837C1A9B3E6C}.Debug|x64.ActiveCfg = Debug|Any CPU
		{4C30EDCE-0685-4AF4-9504-837C1A9B3E6C}.Debug|x64.Build.0 = Debug|Any CPU
		{4C30EDCE-0685-4AF4-9504-837C1A9B3E6C}.Debug|x86.ActiveCfg = Debug|Any CPU
		{4C30EDCE-0685-4AF4-9504-837C1A9B3E6C}.Debug|x86.Build.0 = Debug|Any CPU
		{4C30EDCE-0685-4AF4-9504-837C1A9B3E6C}.Release|Any CPU.ActiveCfg = Release|Any CPU
		{4C30EDCE-0685-4AF4-9504-837C1A9B3E6C}.Release|Any CPU.Build.0 = Release|Any CPU
		{4C30EDCE-0685-4AF4-9504-837C1A9B3E6C}.Release|x64.ActiveCfg = Release|Any CPU
		{4C30EDCE-0685-4AF4-9504-837C1A9B3E6C}.Release|x64.Build.0 = Release|Any CPU
		{4C30EDCE-0685-4AF4-9504-837C1A9B3E6C}.Release|x86.ActiveCfg = Release|Any CPU
		{4C30EDCE-0685-4AF4-9504-837C1A9B3E6C}.Release|x86.Build.0 = Release|Any CPU
		{617BDE39-8C46-4ADE-8363-79B8DFA7AEC2}.Debug|Any CPU.ActiveCfg = Debug|Any CPU
		{617BDE39-8C46-4ADE-8363-79B8DFA7AEC2}.Debug|Any CPU.Build.0 = Debug|Any CPU
		{617BDE39-8C46-4ADE-8363-79B8DFA7AEC2}.Debug|x64.ActiveCfg = Debug|Any CPU
		{617BDE39-8C46-4ADE-8363-79B8DFA7AEC2}.Debug|x64.Build.0 = Debug|Any CPU
		{617BDE39-8C46-4ADE-8363-79B8DFA7AEC2}.Debug|x86.ActiveCfg = Debug|Any CPU
		{617BDE39-8C46-4ADE-8363-79B8DFA7AEC2}.Debug|x86.Build.0 = Debug|Any CPU
		{617BDE39-8C46-4ADE-8363-79B8DFA7AEC2}.Release|Any CPU.ActiveCfg = Release|Any CPU
		{617BDE39-8C46-4ADE-8363-79B8DFA7AEC2}.Release|Any CPU.Build.0 = Release|Any CPU
		{617BDE39-8C46-4ADE-8363-79B8DFA7AEC2}.Release|x64.ActiveCfg = Release|Any CPU
		{617BDE39-8C46-4ADE-8363-79B8DFA7AEC2}.Release|x64.Build.0 = Release|Any CPU
		{617BDE39-8C46-4ADE-8363-79B8DFA7AEC2}.Release|x86.ActiveCfg = Release|Any CPU
		{617BDE39-8C46-4ADE-8363-79B8DFA7AEC2}.Release|x86.Build.0 = Release|Any CPU
		{F69BD2BA-DDEA-4F08-B9A0-E52BC3ECFA0C}.Debug|Any CPU.ActiveCfg = Debug|Any CPU
		{F69BD2BA-DDEA-4F08-B9A0-E52BC3ECFA0C}.Debug|Any CPU.Build.0 = Debug|Any CPU
		{F69BD2BA-DDEA-4F08-B9A0-E52BC3ECFA0C}.Debug|x64.ActiveCfg = Debug|Any CPU
		{F69BD2BA-DDEA-4F08-B9A0-E52BC3ECFA0C}.Debug|x64.Build.0 = Debug|Any CPU
		{F69BD2BA-DDEA-4F08-B9A0-E52BC3ECFA0C}.Debug|x86.ActiveCfg = Debug|Any CPU
		{F69BD2BA-DDEA-4F08-B9A0-E52BC3ECFA0C}.Debug|x86.Build.0 = Debug|Any CPU
		{F69BD2BA-DDEA-4F08-B9A0-E52BC3ECFA0C}.Release|Any CPU.ActiveCfg = Release|Any CPU
		{F69BD2BA-DDEA-4F08-B9A0-E52BC3ECFA0C}.Release|Any CPU.Build.0 = Release|Any CPU
		{F69BD2BA-DDEA-4F08-B9A0-E52BC3ECFA0C}.Release|x64.ActiveCfg = Release|Any CPU
		{F69BD2BA-DDEA-4F08-B9A0-E52BC3ECFA0C}.Release|x64.Build.0 = Release|Any CPU
		{F69BD2BA-DDEA-4F08-B9A0-E52BC3ECFA0C}.Release|x86.ActiveCfg = Release|Any CPU
		{F69BD2BA-DDEA-4F08-B9A0-E52BC3ECFA0C}.Release|x86.Build.0 = Release|Any CPU
	EndGlobalSection
	GlobalSection(SolutionProperties) = preSolution
		HideSolutionNode = FALSE
	EndGlobalSection
	GlobalSection(NestedProjects) = preSolution
		{893778D1-B567-44B0-91F9-4A0A37CFAE9F} = {827E0CD3-B72D-47B6-A68D-7590B98EB39B}
		{2E71C5D0-8565-4731-AF81-CE29B1FB8C80} = {827E0CD3-B72D-47B6-A68D-7590B98EB39B}
		{4A528B71-EA01-4AE2-B70E-3C9F00773400} = {827E0CD3-B72D-47B6-A68D-7590B98EB39B}
		{4C30EDCE-0685-4AF4-9504-837C1A9B3E6C} = {827E0CD3-B72D-47B6-A68D-7590B98EB39B}
		{617BDE39-8C46-4ADE-8363-79B8DFA7AEC2} = {0AB3BF05-4346-4AA6-1389-037BE0695223}
		{F69BD2BA-DDEA-4F08-B9A0-E52BC3ECFA0C} = {0AB3BF05-4346-4AA6-1389-037BE0695223}
	EndGlobalSection
EndGlobal
